
Microsoft Visual Studio Solution File, Format Version 12.00
# Visual Studio Version 16
VisualStudioVersion = 16.0.31829.152
MinimumVisualStudioVersion = 10.0.40219.1
Project("{FAE04EC0-301F-11D3-BF4B-00C04F79EFBC}") = "Zadanie Sodergimoe", "Zadanie Sodergimoe\Zadanie Sodergimoe.csproj", "{628BA195-51E2-4803-9B26-8A932B5F72B2}"
EndProject
Global
	GlobalSection(SolutionConfigurationPlatforms) = preSolution
		Debug|Any CPU = Debug|Any CPU
		Release|Any CPU = Release|Any CPU
	EndGlobalSection
	GlobalSection(ProjectConfigurationPlatforms) = postSolution
		{628BA195-51E2-4803-9B26-8A932B5F72B2}.Debug|Any CPU.ActiveCfg = Debug|Any CPU
		{628BA195-51E2-4803-9B26-8A932B5F72B2}.Debug|Any CPU.Build.0 = Debug|Any CPU
		{628BA195-51E2-4803-9B26-8A932B5F72B2}.Release|Any CPU.ActiveCfg = Release|Any CPU
		{628BA195-51E2-4803-9B26-8A932B5F72B2}.Release|Any CPU.Build.0 = Release|Any CPU
	EndGlobalSection
	GlobalSection(SolutionProperties) = preSolution
		HideSolutionNode = FALSE
	EndGlobalSection
	GlobalSection(ExtensibilityGlobals) = postSolution
		SolutionGuid = {FEE4607E-C83B-48C2-9DC4-90A8376EDD0E}
	EndGlobalSection
EndGlobal
